
Microsoft Visual Studio Solution File, Format Version 12.00
Project("{FAE04EC0-301F-11D3-BF4B-00C04F79EFBC}") = "ParserCombinator", "ParserCombinator\ParserCombinator.csproj", "{B6EEB739-E7FA-41AB-B09F-F24519108C8E}"
EndProject
Project("{FAE04EC0-301F-11D3-BF4B-00C04F79EFBC}") = "UnitTests", "UnitTests\UnitTests.csproj", "{977C7806-8602-45B2-AFFF-BC444155B6AB}"
EndProject
Global
	GlobalSection(SolutionConfigurationPlatforms) = preSolution
		Debug|Any CPU = Debug|Any CPU
		Release|Any CPU = Release|Any CPU
	EndGlobalSection
	GlobalSection(ProjectConfigurationPlatforms) = postSolution
		{B6EEB739-E7FA-41AB-B09F-F24519108C8E}.Debug|Any CPU.ActiveCfg = Debug|Any CPU
		{B6EEB739-E7FA-41AB-B09F-F24519108C8E}.Debug|Any CPU.Build.0 = Debug|Any CPU
		{B6EEB739-E7FA-41AB-B09F-F24519108C8E}.Release|Any CPU.ActiveCfg = Release|Any CPU
		{B6EEB739-E7FA-41AB-B09F-F24519108C8E}.Release|Any CPU.Build.0 = Release|Any CPU
		{977C7806-8602-45B2-AFFF-BC444155B6AB}.Debug|Any CPU.ActiveCfg = Debug|Any CPU
		{977C7806-8602-45B2-AFFF-BC444155B6AB}.Debug|Any CPU.Build.0 = Debug|Any CPU
		{977C7806-8602-45B2-AFFF-BC444155B6AB}.Release|Any CPU.ActiveCfg = Release|Any CPU
		{977C7806-8602-45B2-AFFF-BC444155B6AB}.Release|Any CPU.Build.0 = Release|Any CPU
	EndGlobalSection
EndGlobal
